
Microsoft Visual Studio Solution File, Format Version 12.00
# Visual Studio Version 17
VisualStudioVersion = 17.11.35312.102
MinimumVisualStudioVersion = 10.0.40219.1
Project("{FAE04EC0-301F-11D3-BF4B-00C04F79EFBC}") = "Githubtry", "Githubtry.csproj", "{0B46F43D-9CFA-45C1-99AF-C0D319B453EC}"
EndProject
Global
	GlobalSection(SolutionConfigurationPlatforms) = preSolution
		Debug|Any CPU = Debug|Any CPU
		Release|Any CPU = Release|Any CPU
	EndGlobalSection
	GlobalSection(ProjectConfigurationPlatforms) = postSolution
		{0B46F43D-9CFA-45C1-99AF-C0D319B453EC}.Debug|Any CPU.ActiveCfg = Debug|Any CPU
		{0B46F43D-9CFA-45C1-99AF-C0D319B453EC}.Debug|Any CPU.Build.0 = Debug|Any CPU
		{0B46F43D-9CFA-45C1-99AF-C0D319B453EC}.Release|Any CPU.ActiveCfg = Release|Any CPU
		{0B46F43D-9CFA-45C1-99AF-C0D319B453EC}.Release|Any CPU.Build.0 = Release|Any CPU
	EndGlobalSection
	GlobalSection(SolutionProperties) = preSolution
		HideSolutionNode = FALSE
	EndGlobalSection
	GlobalSection(ExtensibilityGlobals) = postSolution
		SolutionGuid = {1801BABC-162C-4097-8A11-E3B8D38B2E96}
	EndGlobalSection
EndGlobal
